
Microsoft Visual Studio Solution File, Format Version 12.00
# Visual Studio Version 16
VisualStudioVersion = 16.0.30413.136
MinimumVisualStudioVersion = 10.0.40219.1
Project("{9A19103F-16F7-4668-BE54-9A1E7A4F7556}") = "RCD.DATA", "RCD.DATA\RCD.DATA.csproj", "{06E9D3F5-0791-4BCE-BD5B-800C090E64DA}"
EndProject
Project("{9A19103F-16F7-4668-BE54-9A1E7A4F7556}") = "RCD.REPO", "RCD.REPO\RCD.REPO.csproj", "{5EC5464A-5A36-450C-92CE-58F74A2D9831}"
EndProject
Project("{9A19103F-16F7-4668-BE54-9A1E7A4F7556}") = "RCD.SERVICE", "RCD.SERVICE\RCD.SERVICE.csproj", "{03BC0CA5-F0A1-401B-A195-1A2D5CFCB50B}"
EndProject
Project("{9A19103F-16F7-4668-BE54-9A1E7A4F7556}") = "RCD.API", "RCD.API\RCD.API.csproj", "{DAF82ECB-5125-4F05-AA14-C23462737596}"
EndProject
Global
	GlobalSection(SolutionConfigurationPlatforms) = preSolution
		Debug|Any CPU = Debug|Any CPU
		Release|Any CPU = Release|Any CPU
	EndGlobalSection
	GlobalSection(ProjectConfigurationPlatforms) = postSolution
		{06E9D3F5-0791-4BCE-BD5B-800C090E64DA}.Debug|Any CPU.ActiveCfg = Debug|Any CPU
		{06E9D3F5-0791-4BCE-BD5B-800C090E64DA}.Debug|Any CPU.Build.0 = Debug|Any CPU
		{06E9D3F5-0791-4BCE-BD5B-800C090E64DA}.Release|Any CPU.ActiveCfg = Release|Any CPU
		{06E9D3F5-0791-4BCE-BD5B-800C090E64DA}.Release|Any CPU.Build.0 = Release|Any CPU
		{5EC5464A-5A36-450C-92CE-58F74A2D9831}.Debug|Any CPU.ActiveCfg = Debug|Any CPU
		{5EC5464A-5A36-450C-92CE-58F74A2D9831}.Debug|Any CPU.Build.0 = Debug|Any CPU
		{5EC5464A-5A36-450C-92CE-58F74A2D9831}.Release|Any CPU.ActiveCfg = Release|Any CPU
		{5EC5464A-5A36-450C-92CE-58F74A2D9831}.Release|Any CPU.Build.0 = Release|Any CPU
		{03BC0CA5-F0A1-401B-A195-1A2D5CFCB50B}.Debug|Any CPU.ActiveCfg = Debug|Any CPU
		{03BC0CA5-F0A1-401B-A195-1A2D5CFCB50B}.Debug|Any CPU.Build.0 = Debug|Any CPU
		{03BC0CA5-F0A1-401B-A195-1A2D5CFCB50B}.Release|Any CPU.ActiveCfg = Release|Any CPU
		{03BC0CA5-F0A1-401B-A195-1A2D5CFCB50B}.Release|Any CPU.Build.0 = Release|Any CPU
		{DAF82ECB-5125-4F05-AA14-C23462737596}.Debug|Any CPU.ActiveCfg = Debug|Any CPU
		{DAF82ECB-5125-4F05-AA14-C23462737596}.Debug|Any CPU.Build.0 = Debug|Any CPU
		{DAF82ECB-5125-4F05-AA14-C23462737596}.Release|Any CPU.ActiveCfg = Release|Any CPU
		{DAF82ECB-5125-4F05-AA14-C23462737596}.Release|Any CPU.Build.0 = Release|Any CPU
	EndGlobalSection
	GlobalSection(SolutionProperties) = preSolution
		HideSolutionNode = FALSE
	EndGlobalSection
	GlobalSection(ExtensibilityGlobals) = postSolution
		SolutionGuid = {A5E25064-64B8-40C0-A7F4-E8DC8C37985F}
	EndGlobalSection
EndGlobal
